// !$*UTF8*$!
{
	archiveVersion = 1;
	classes = {
	};
	objectVersion = 46;
	objects = {

/* Begin PBXAggregateTarget section */
		21129DA41A17CB5D001CE32B /* Applications */ = {
			isa = PBXAggregateTarget;
			buildConfigurationList = 21129DA51A17CB5D001CE32B /* Build configuration list for PBXAggregateTarget "Applications" */;
			buildPhases = (
			);
			dependencies = (
				21129DA91A17CB66001CE32B /* PBXTargetDependency */,
				21129DAB1A17CB66001CE32B /* PBXTargetDependency */,
				21C3084C1A17CDAA00BD50D9 /* PBXTargetDependency */,
				21AB8F501A17CE160049398E /* PBXTargetDependency */,
				21C302871A17D0B7002BABF4 /* PBXTargetDependency */,
				21C302AA1A17D78B002BABF4 /* PBXTargetDependency */,
				210BD5411A17DA1000B2E09D /* PBXTargetDependency */,
			);
			name = Applications;
			productName = Applications;
		};
/* End PBXAggregateTarget section */

/* Begin PBXBuildFile section */
		210BD5281A17DA0400B2E09D /* AppDelegate.swift in Sources */ = {isa = PBXBuildFile; fileRef = 210BD5271A17DA0400B2E09D /* AppDelegate.swift */; };
		210BD52A1A17DA0400B2E09D /* Images.xcassets in Resources */ = {isa = PBXBuildFile; fileRef = 210BD5291A17DA0400B2E09D /* Images.xcassets */; };
		21129D801A17C8EB001CE32B /* UtilityKit.framework in Frameworks */ = {isa = PBXBuildFile; fileRef = 211512E91A17C2C800D0250C /* UtilityKit.framework */; };
		21129D821A17C902001CE32B /* UtilityKit.framework in Embed Frameworks */ = {isa = PBXBuildFile; fileRef = 211512E91A17C2C800D0250C /* UtilityKit.framework */; settings = {ATTRIBUTES = (CodeSignOnCopy, RemoveHeadersOnCopy, ); }; };
		21129D8C1A17CA6D001CE32B /* AppDelegate.swift in Sources */ = {isa = PBXBuildFile; fileRef = 21129D8B1A17CA6D001CE32B /* AppDelegate.swift */; };
		21129D8E1A17CA6D001CE32B /* Images.xcassets in Resources */ = {isa = PBXBuildFile; fileRef = 21129D8D1A17CA6D001CE32B /* Images.xcassets */; };
		21129DAE1A17CB82001CE32B /* UtilityKit.framework in Frameworks */ = {isa = PBXBuildFile; fileRef = 211512E91A17C2C800D0250C /* UtilityKit.framework */; };
		21129DB01A17CB96001CE32B /* UtilityKit.framework in Embed Frameworks */ = {isa = PBXBuildFile; fileRef = 211512E91A17C2C800D0250C /* UtilityKit.framework */; settings = {ATTRIBUTES = (CodeSignOnCopy, RemoveHeadersOnCopy, ); }; };
		211512EE1A17C2C800D0250C /* UtilityKit.h in Headers */ = {isa = PBXBuildFile; fileRef = 211512ED1A17C2C800D0250C /* UtilityKit.h */; settings = {ATTRIBUTES = (Public, ); }; };
		2115130E1A17C2FF00D0250C /* UtilityKit.swift in Sources */ = {isa = PBXBuildFile; fileRef = 2115130D1A17C2FF00D0250C /* UtilityKit.swift */; };
		211513111A17C60F00D0250C /* SendAppleEventToSystemProcess.c in Sources */ = {isa = PBXBuildFile; fileRef = 2115130F1A17C60F00D0250C /* SendAppleEventToSystemProcess.c */; };
		211513121A17C60F00D0250C /* SendAppleEventToSystemProcess.h in Headers */ = {isa = PBXBuildFile; fileRef = 211513101A17C60F00D0250C /* SendAppleEventToSystemProcess.h */; settings = {ATTRIBUTES = (Public, ); }; };
		211513201A17C8B300D0250C /* AppDelegate.swift in Sources */ = {isa = PBXBuildFile; fileRef = 2115131F1A17C8B300D0250C /* AppDelegate.swift */; };
		211513221A17C8B300D0250C /* Images.xcassets in Resources */ = {isa = PBXBuildFile; fileRef = 211513211A17C8B300D0250C /* Images.xcassets */; };
		2168B23E1F9889C10098D1DA /* MainMenu.xib in Resources */ = {isa = PBXBuildFile; fileRef = 2168B23B1F9889BB0098D1DA /* MainMenu.xib */; };
		2168B23F1F9889C10098D1DA /* MainMenu.xib in Resources */ = {isa = PBXBuildFile; fileRef = 2168B23B1F9889BB0098D1DA /* MainMenu.xib */; };
		2168B2401F9889C20098D1DA /* MainMenu.xib in Resources */ = {isa = PBXBuildFile; fileRef = 2168B23B1F9889BB0098D1DA /* MainMenu.xib */; };
		2168B2411F9889C20098D1DA /* MainMenu.xib in Resources */ = {isa = PBXBuildFile; fileRef = 2168B23B1F9889BB0098D1DA /* MainMenu.xib */; };
		2168B2421F9889C30098D1DA /* MainMenu.xib in Resources */ = {isa = PBXBuildFile; fileRef = 2168B23B1F9889BB0098D1DA /* MainMenu.xib */; };
		2168B2431F9889C40098D1DA /* MainMenu.xib in Resources */ = {isa = PBXBuildFile; fileRef = 2168B23B1F9889BB0098D1DA /* MainMenu.xib */; };
		2168B2441F9889C40098D1DA /* MainMenu.xib in Resources */ = {isa = PBXBuildFile; fileRef = 2168B23B1F9889BB0098D1DA /* MainMenu.xib */; };
		21AB8F371A17CE050049398E /* AppDelegate.swift in Sources */ = {isa = PBXBuildFile; fileRef = 21AB8F361A17CE050049398E /* AppDelegate.swift */; };
		21AB8F391A17CE050049398E /* Images.xcassets in Resources */ = {isa = PBXBuildFile; fileRef = 21AB8F381A17CE050049398E /* Images.xcassets */; };
		21AB8F531A17CE1F0049398E /* UtilityKit.framework in Frameworks */ = {isa = PBXBuildFile; fileRef = 211512E91A17C2C800D0250C /* UtilityKit.framework */; };
		21AB8F551A17CE2E0049398E /* UtilityKit.framework in Embed Frameworks */ = {isa = PBXBuildFile; fileRef = 211512E91A17C2C800D0250C /* UtilityKit.framework */; settings = {ATTRIBUTES = (CodeSignOnCopy, RemoveHeadersOnCopy, ); }; };
		21C3026E1A17D0A4002BABF4 /* AppDelegate.swift in Sources */ = {isa = PBXBuildFile; fileRef = 21C3026D1A17D0A4002BABF4 /* AppDelegate.swift */; };
		21C302701A17D0A4002BABF4 /* Images.xcassets in Resources */ = {isa = PBXBuildFile; fileRef = 21C3026F1A17D0A4002BABF4 /* Images.xcassets */; };
		21C302911A17D781002BABF4 /* AppDelegate.swift in Sources */ = {isa = PBXBuildFile; fileRef = 21C302901A17D781002BABF4 /* AppDelegate.swift */; };
		21C302931A17D781002BABF4 /* Images.xcassets in Resources */ = {isa = PBXBuildFile; fileRef = 21C302921A17D781002BABF4 /* Images.xcassets */; };
		21C3082E1A17CD3700BD50D9 /* AppDelegate.swift in Sources */ = {isa = PBXBuildFile; fileRef = 21C3082D1A17CD3700BD50D9 /* AppDelegate.swift */; };
		21C308301A17CD3700BD50D9 /* Images.xcassets in Resources */ = {isa = PBXBuildFile; fileRef = 21C3082F1A17CD3700BD50D9 /* Images.xcassets */; };
		21C308481A17CD7600BD50D9 /* UtilityKit.framework in Frameworks */ = {isa = PBXBuildFile; fileRef = 211512E91A17C2C800D0250C /* UtilityKit.framework */; };
		21C3084A1A17CD9200BD50D9 /* UtilityKit.framework in Embed Frameworks */ = {isa = PBXBuildFile; fileRef = 211512E91A17C2C800D0250C /* UtilityKit.framework */; settings = {ATTRIBUTES = (CodeSignOnCopy, RemoveHeadersOnCopy, ); }; };
/* End PBXBuildFile section */

/* Begin PBXContainerItemProxy section */
		210BD5401A17DA1000B2E09D /* PBXContainerItemProxy */ = {
			isa = PBXContainerItemProxy;
			containerPortal = 2115129B1A17C29200D0250C /* Project object */;
			proxyType = 1;
			remoteGlobalIDString = 210BD5221A17DA0400B2E09D;
			remoteInfo = "Empty Trash";
		};
		21129D7E1A17C8E8001CE32B /* PBXContainerItemProxy */ = {
			isa = PBXContainerItemProxy;
			containerPortal = 2115129B1A17C29200D0250C /* Project object */;
			proxyType = 1;
			remoteGlobalIDString = 211512E81A17C2C800D0250C;
			remoteInfo = UtilityKit;
		};
		21129DA81A17CB66001CE32B /* PBXContainerItemProxy */ = {
			isa = PBXContainerItemProxy;
			containerPortal = 2115129B1A17C29200D0250C /* Project object */;
			proxyType = 1;
			remoteGlobalIDString = 2115131A1A17C8B300D0250C;
			remoteInfo = Sleep;
		};
		21129DAA1A17CB66001CE32B /* PBXContainerItemProxy */ = {
			isa = PBXContainerItemProxy;
			containerPortal = 2115129B1A17C29200D0250C /* Project object */;
			proxyType = 1;
			remoteGlobalIDString = 21129D861A17CA6D001CE32B;
			remoteInfo = "Shut Down";
		};
		21129DAC1A17CB7A001CE32B /* PBXContainerItemProxy */ = {
			isa = PBXContainerItemProxy;
			containerPortal = 2115129B1A17C29200D0250C /* Project object */;
			proxyType = 1;
			remoteGlobalIDString = 211512E81A17C2C800D0250C;
			remoteInfo = UtilityKit;
		};
		21AB8F4F1A17CE160049398E /* PBXContainerItemProxy */ = {
			isa = PBXContainerItemProxy;
			containerPortal = 2115129B1A17C29200D0250C /* Project object */;
			proxyType = 1;
			remoteGlobalIDString = 21AB8F311A17CE050049398E;
			remoteInfo = Restart;
		};
		21AB8F511A17CE1C0049398E /* PBXContainerItemProxy */ = {
			isa = PBXContainerItemProxy;
			containerPortal = 2115129B1A17C29200D0250C /* Project object */;
			proxyType = 1;
			remoteGlobalIDString = 211512E81A17C2C800D0250C;
			remoteInfo = UtilityKit;
		};
		21C302861A17D0B7002BABF4 /* PBXContainerItemProxy */ = {
			isa = PBXContainerItemProxy;
			containerPortal = 2115129B1A17C29200D0250C /* Project object */;
			proxyType = 1;
			remoteGlobalIDString = 21C302681A17D0A4002BABF4;
			remoteInfo = "Screen Saver";
		};
		21C302A91A17D78B002BABF4 /* PBXContainerItemProxy */ = {
			isa = PBXContainerItemProxy;
			containerPortal = 2115129B1A17C29200D0250C /* Project object */;
			proxyType = 1;
			remoteGlobalIDString = 21C3028B1A17D781002BABF4;
			remoteInfo = Lock;
		};
		21C308461A17CD7300BD50D9 /* PBXContainerItemProxy */ = {
			isa = PBXContainerItemProxy;
			containerPortal = 2115129B1A17C29200D0250C /* Project object */;
			proxyType = 1;
			remoteGlobalIDString = 211512E81A17C2C800D0250C;
			remoteInfo = UtilityKit;
		};
		21C3084B1A17CDAA00BD50D9 /* PBXContainerItemProxy */ = {
			isa = PBXContainerItemProxy;
			containerPortal = 2115129B1A17C29200D0250C /* Project object */;
			proxyType = 1;
			remoteGlobalIDString = 21C308281A17CD3700BD50D9;
			remoteInfo = "Log Out";
		};
/* End PBXContainerItemProxy section */

/* Begin PBXCopyFilesBuildPhase section */
		21129D811A17C8F6001CE32B /* Embed Frameworks */ = {
			isa = PBXCopyFilesBuildPhase;
			buildActionMask = 2147483647;
			dstPath = "";
			dstSubfolderSpec = 10;
			files = (
				21129D821A17C902001CE32B /* UtilityKit.framework in Embed Frameworks */,
			);
			name = "Embed Frameworks";
			runOnlyForDeploymentPostprocessing = 0;
		};
		21129DAF1A17CB86001CE32B /* Embed Frameworks */ = {
			isa = PBXCopyFilesBuildPhase;
			buildActionMask = 2147483647;
			dstPath = "";
			dstSubfolderSpec = 10;
			files = (
				21129DB01A17CB96001CE32B /* UtilityKit.framework in Embed Frameworks */,
			);
			name = "Embed Frameworks";
			runOnlyForDeploymentPostprocessing = 0;
		};
		21AB8F541A17CE260049398E /* Embed Frameworks */ = {
			isa = PBXCopyFilesBuildPhase;
			buildActionMask = 2147483647;
			dstPath = "";
			dstSubfolderSpec = 10;
			files = (
				21AB8F551A17CE2E0049398E /* UtilityKit.framework in Embed Frameworks */,
			);
			name = "Embed Frameworks";
			runOnlyForDeploymentPostprocessing = 0;
		};
		21C308491A17CD8300BD50D9 /* Embed Frameworks */ = {
			isa = PBXCopyFilesBuildPhase;
			buildActionMask = 2147483647;
			dstPath = "";
			dstSubfolderSpec = 10;
			files = (
				21C3084A1A17CD9200BD50D9 /* UtilityKit.framework in Embed Frameworks */,
			);
			name = "Embed Frameworks";
			runOnlyForDeploymentPostprocessing = 0;
		};
/* End PBXCopyFilesBuildPhase section */

/* Begin PBXFileReference section */
		210BD5231A17DA0400B2E09D /* Empty Trash.app */ = {isa = PBXFileReference; explicitFileType = wrapper.application; includeInIndex = 0; path = "Empty Trash.app"; sourceTree = BUILT_PRODUCTS_DIR; };
		210BD5271A17DA0400B2E09D /* AppDelegate.swift */ = {isa = PBXFileReference; lastKnownFileType = sourcecode.swift; path = AppDelegate.swift; sourceTree = "<group>"; };
		210BD5291A17DA0400B2E09D /* Images.xcassets */ = {isa = PBXFileReference; lastKnownFileType = folder.assetcatalog; path = Images.xcassets; sourceTree = "<group>"; };
		21129D871A17CA6D001CE32B /* Shut Down.app */ = {isa = PBXFileReference; explicitFileType = wrapper.application; includeInIndex = 0; path = "Shut Down.app"; sourceTree = BUILT_PRODUCTS_DIR; };
		21129D8B1A17CA6D001CE32B /* AppDelegate.swift */ = {isa = PBXFileReference; lastKnownFileType = sourcecode.swift; path = AppDelegate.swift; sourceTree = "<group>"; };
		21129D8D1A17CA6D001CE32B /* Images.xcassets */ = {isa = PBXFileReference; lastKnownFileType = folder.assetcatalog; path = Images.xcassets; sourceTree = "<group>"; };
		211512E91A17C2C800D0250C /* UtilityKit.framework */ = {isa = PBXFileReference; explicitFileType = wrapper.framework; includeInIndex = 0; path = UtilityKit.framework; sourceTree = BUILT_PRODUCTS_DIR; };
		211512EC1A17C2C800D0250C /* Info.plist */ = {isa = PBXFileReference; lastKnownFileType = text.plist.xml; path = Info.plist; sourceTree = "<group>"; };
		211512ED1A17C2C800D0250C /* UtilityKit.h */ = {isa = PBXFileReference; lastKnownFileType = sourcecode.c.h; path = UtilityKit.h; sourceTree = "<group>"; };
		2115130D1A17C2FF00D0250C /* UtilityKit.swift */ = {isa = PBXFileReference; fileEncoding = 4; lastKnownFileType = sourcecode.swift; path = UtilityKit.swift; sourceTree = "<group>"; };
		2115130F1A17C60F00D0250C /* SendAppleEventToSystemProcess.c */ = {isa = PBXFileReference; fileEncoding = 4; lastKnownFileType = sourcecode.c.c; path = SendAppleEventToSystemProcess.c; sourceTree = "<group>"; };
		211513101A17C60F00D0250C /* SendAppleEventToSystemProcess.h */ = {isa = PBXFileReference; fileEncoding = 4; lastKnownFileType = sourcecode.c.h; path = SendAppleEventToSystemProcess.h; sourceTree = "<group>"; };
		2115131B1A17C8B300D0250C /* Sleep.app */ = {isa = PBXFileReference; explicitFileType = wrapper.application; includeInIndex = 0; path = Sleep.app; sourceTree = BUILT_PRODUCTS_DIR; };
		2115131F1A17C8B300D0250C /* AppDelegate.swift */ = {isa = PBXFileReference; lastKnownFileType = sourcecode.swift; path = AppDelegate.swift; sourceTree = "<group>"; };
		211513211A17C8B300D0250C /* Images.xcassets */ = {isa = PBXFileReference; lastKnownFileType = folder.assetcatalog; path = Images.xcassets; sourceTree = "<group>"; };
		2168B2391F98882A0098D1DA /* Info.plist */ = {isa = PBXFileReference; fileEncoding = 4; lastKnownFileType = text.plist.xml; path = Info.plist; sourceTree = "<group>"; };
		2168B23C1F9889BB0098D1DA /* Base */ = {isa = PBXFileReference; lastKnownFileType = file.xib; name = Base; path = Base.lproj/MainMenu.xib; sourceTree = "<group>"; };
		21AB8F321A17CE050049398E /* Restart.app */ = {isa = PBXFileReference; explicitFileType = wrapper.application; includeInIndex = 0; path = Restart.app; sourceTree = BUILT_PRODUCTS_DIR; };
		21AB8F361A17CE050049398E /* AppDelegate.swift */ = {isa = PBXFileReference; lastKnownFileType = sourcecode.swift; path = AppDelegate.swift; sourceTree = "<group>"; };
		21AB8F381A17CE050049398E /* Images.xcassets */ = {isa = PBXFileReference; lastKnownFileType = folder.assetcatalog; path = Images.xcassets; sourceTree = "<group>"; };
		21C302691A17D0A4002BABF4 /* Screen Saver.app */ = {isa = PBXFileReference; explicitFileType = wrapper.application; includeInIndex = 0; path = "Screen Saver.app"; sourceTree = BUILT_PRODUCTS_DIR; };
		21C3026D1A17D0A4002BABF4 /* AppDelegate.swift */ = {isa = PBXFileReference; lastKnownFileType = sourcecode.swift; path = AppDelegate.swift; sourceTree = "<group>"; };
		21C3026F1A17D0A4002BABF4 /* Images.xcassets */ = {isa = PBXFileReference; lastKnownFileType = folder.assetcatalog; path = Images.xcassets; sourceTree = "<group>"; };
		21C3028C1A17D781002BABF4 /* Lock.app */ = {isa = PBXFileReference; explicitFileType = wrapper.application; includeInIndex = 0; path = Lock.app; sourceTree = BUILT_PRODUCTS_DIR; };
		21C302901A17D781002BABF4 /* AppDelegate.swift */ = {isa = PBXFileReference; lastKnownFileType = sourcecode.swift; path = AppDelegate.swift; sourceTree = "<group>"; };
		21C302921A17D781002BABF4 /* Images.xcassets */ = {isa = PBXFileReference; lastKnownFileType = folder.assetcatalog; path = Images.xcassets; sourceTree = "<group>"; };
		21C308291A17CD3700BD50D9 /* Log Out.app */ = {isa = PBXFileReference; explicitFileType = wrapper.application; includeInIndex = 0; path = "Log Out.app"; sourceTree = BUILT_PRODUCTS_DIR; };
		21C3082D1A17CD3700BD50D9 /* AppDelegate.swift */ = {isa = PBXFileReference; lastKnownFileType = sourcecode.swift; path = AppDelegate.swift; sourceTree = "<group>"; };
		21C3082F1A17CD3700BD50D9 /* Images.xcassets */ = {isa = PBXFileReference; lastKnownFileType = folder.assetcatalog; path = Images.xcassets; sourceTree = "<group>"; };
/* End PBXFileReference section */

/* Begin PBXFrameworksBuildPhase section */
		210BD5201A17DA0400B2E09D /* Frameworks */ = {
			isa = PBXFrameworksBuildPhase;
			buildActionMask = 2147483647;
			files = (
			);
			runOnlyForDeploymentPostprocessing = 0;
		};
		21129D841A17CA6D001CE32B /* Frameworks */ = {
			isa = PBXFrameworksBuildPhase;
			buildActionMask = 2147483647;
			files = (
				21129DAE1A17CB82001CE32B /* UtilityKit.framework in Frameworks */,
			);
			runOnlyForDeploymentPostprocessing = 0;
		};
		211512E51A17C2C800D0250C /* Frameworks */ = {
			isa = PBXFrameworksBuildPhase;
			buildActionMask = 2147483647;
			files = (
			);
			runOnlyForDeploymentPostprocessing = 0;
		};
		211513181A17C8B300D0250C /* Frameworks */ = {
			isa = PBXFrameworksBuildPhase;
			buildActionMask = 2147483647;
			files = (
				21129D801A17C8EB001CE32B /* UtilityKit.framework in Frameworks */,
			);
			runOnlyForDeploymentPostprocessing = 0;
		};
		21AB8F2F1A17CE050049398E /* Frameworks */ = {
			isa = PBXFrameworksBuildPhase;
			buildActionMask = 2147483647;
			files = (
				21AB8F531A17CE1F0049398E /* UtilityKit.framework in Frameworks */,
			);
			runOnlyForDeploymentPostprocessing = 0;
		};
		21C302661A17D0A4002BABF4 /* Frameworks */ = {
			isa = PBXFrameworksBuildPhase;
			buildActionMask = 2147483647;
			files = (
			);
			runOnlyForDeploymentPostprocessing = 0;
		};
		21C302891A17D781002BABF4 /* Frameworks */ = {
			isa = PBXFrameworksBuildPhase;
			buildActionMask = 2147483647;
			files = (
			);
			runOnlyForDeploymentPostprocessing = 0;
		};
		21C308261A17CD3700BD50D9 /* Frameworks */ = {
			isa = PBXFrameworksBuildPhase;
			buildActionMask = 2147483647;
			files = (
				21C308481A17CD7600BD50D9 /* UtilityKit.framework in Frameworks */,
			);
			runOnlyForDeploymentPostprocessing = 0;
		};
/* End PBXFrameworksBuildPhase section */

/* Begin PBXGroup section */
		210BD5241A17DA0400B2E09D /* Empty Trash */ = {
			isa = PBXGroup;
			children = (
				210BD5271A17DA0400B2E09D /* AppDelegate.swift */,
				210BD5291A17DA0400B2E09D /* Images.xcassets */,
			);
			path = "Empty Trash";
			sourceTree = "<group>";
		};
		21129D881A17CA6D001CE32B /* Shut Down */ = {
			isa = PBXGroup;
			children = (
				21129D8B1A17CA6D001CE32B /* AppDelegate.swift */,
				21129D8D1A17CA6D001CE32B /* Images.xcassets */,
			);
			path = "Shut Down";
			sourceTree = "<group>";
		};
		2115129A1A17C29200D0250C = {
			isa = PBXGroup;
			children = (
				211512EA1A17C2C800D0250C /* UtilityKit */,
				2115131C1A17C8B300D0250C /* Sleep */,
				21129D881A17CA6D001CE32B /* Shut Down */,
				21C3082A1A17CD3700BD50D9 /* Log Out */,
				21AB8F331A17CE050049398E /* Restart */,
				21C3026A1A17D0A4002BABF4 /* Screen Saver */,
				21C3028D1A17D781002BABF4 /* Lock */,
				210BD5241A17DA0400B2E09D /* Empty Trash */,
				2168B2381F98882A0098D1DA /* Support */,
				211512A41A17C29200D0250C /* Products */,
			);
			sourceTree = "<group>";
		};
		211512A41A17C29200D0250C /* Products */ = {
			isa = PBXGroup;
			children = (
				211512E91A17C2C800D0250C /* UtilityKit.framework */,
				2115131B1A17C8B300D0250C /* Sleep.app */,
				21129D871A17CA6D001CE32B /* Shut Down.app */,
				21C308291A17CD3700BD50D9 /* Log Out.app */,
				21AB8F321A17CE050049398E /* Restart.app */,
				21C302691A17D0A4002BABF4 /* Screen Saver.app */,
				21C3028C1A17D781002BABF4 /* Lock.app */,
				210BD5231A17DA0400B2E09D /* Empty Trash.app */,
			);
			name = Products;
			sourceTree = "<group>";
		};
		211512EA1A17C2C800D0250C /* UtilityKit */ = {
			isa = PBXGroup;
			children = (
				211512ED1A17C2C800D0250C /* UtilityKit.h */,
				2115130D1A17C2FF00D0250C /* UtilityKit.swift */,
				211513101A17C60F00D0250C /* SendAppleEventToSystemProcess.h */,
				2115130F1A17C60F00D0250C /* SendAppleEventToSystemProcess.c */,
				211512EC1A17C2C800D0250C /* Info.plist */,
			);
			path = UtilityKit;
			sourceTree = "<group>";
		};
		2115131C1A17C8B300D0250C /* Sleep */ = {
			isa = PBXGroup;
			children = (
				2115131F1A17C8B300D0250C /* AppDelegate.swift */,
				211513211A17C8B300D0250C /* Images.xcassets */,
			);
			path = Sleep;
			sourceTree = "<group>";
		};
		2168B2381F98882A0098D1DA /* Support */ = {
			isa = PBXGroup;
			children = (
				2168B23B1F9889BB0098D1DA /* MainMenu.xib */,
				2168B2391F98882A0098D1DA /* Info.plist */,
			);
			path = Support;
			sourceTree = "<group>";
		};
		21AB8F331A17CE050049398E /* Restart */ = {
			isa = PBXGroup;
			children = (
				21AB8F361A17CE050049398E /* AppDelegate.swift */,
				21AB8F381A17CE050049398E /* Images.xcassets */,
			);
			path = Restart;
			sourceTree = "<group>";
		};
		21C3026A1A17D0A4002BABF4 /* Screen Saver */ = {
			isa = PBXGroup;
			children = (
				21C3026D1A17D0A4002BABF4 /* AppDelegate.swift */,
				21C3026F1A17D0A4002BABF4 /* Images.xcassets */,
			);
			path = "Screen Saver";
			sourceTree = "<group>";
		};
		21C3028D1A17D781002BABF4 /* Lock */ = {
			isa = PBXGroup;
			children = (
				21C302901A17D781002BABF4 /* AppDelegate.swift */,
				21C302921A17D781002BABF4 /* Images.xcassets */,
			);
			path = Lock;
			sourceTree = "<group>";
		};
		21C3082A1A17CD3700BD50D9 /* Log Out */ = {
			isa = PBXGroup;
			children = (
				21C3082D1A17CD3700BD50D9 /* AppDelegate.swift */,
				21C3082F1A17CD3700BD50D9 /* Images.xcassets */,
			);
			path = "Log Out";
			sourceTree = "<group>";
		};
/* End PBXGroup section */

/* Begin PBXHeadersBuildPhase section */
		211512E61A17C2C800D0250C /* Headers */ = {
			isa = PBXHeadersBuildPhase;
			buildActionMask = 2147483647;
			files = (
				211513121A17C60F00D0250C /* SendAppleEventToSystemProcess.h in Headers */,
				211512EE1A17C2C800D0250C /* UtilityKit.h in Headers */,
			);
			runOnlyForDeploymentPostprocessing = 0;
		};
/* End PBXHeadersBuildPhase section */

/* Begin PBXNativeTarget section */
		210BD5221A17DA0400B2E09D /* Empty Trash */ = {
			isa = PBXNativeTarget;
			buildConfigurationList = 210BD53E1A17DA0400B2E09D /* Build configuration list for PBXNativeTarget "Empty Trash" */;
			buildPhases = (
				210BD51F1A17DA0400B2E09D /* Sources */,
				210BD5201A17DA0400B2E09D /* Frameworks */,
				210BD5211A17DA0400B2E09D /* Resources */,
			);
			buildRules = (
			);
			dependencies = (
			);
			name = "Empty Trash";
			productName = "Empty Trash";
			productReference = 210BD5231A17DA0400B2E09D /* Empty Trash.app */;
			productType = "com.apple.product-type.application";
		};
		21129D861A17CA6D001CE32B /* Shut Down */ = {
			isa = PBXNativeTarget;
			buildConfigurationList = 21129D9E1A17CA6E001CE32B /* Build configuration list for PBXNativeTarget "Shut Down" */;
			buildPhases = (
				21129D831A17CA6D001CE32B /* Sources */,
				21129D841A17CA6D001CE32B /* Frameworks */,
				21129D851A17CA6D001CE32B /* Resources */,
				21129DAF1A17CB86001CE32B /* Embed Frameworks */,
			);
			buildRules = (
			);
			dependencies = (
				21129DAD1A17CB7A001CE32B /* PBXTargetDependency */,
			);
			name = "Shut Down";
			productName = "Shut Down";
			productReference = 21129D871A17CA6D001CE32B /* Shut Down.app */;
			productType = "com.apple.product-type.application";
		};
		211512E81A17C2C800D0250C /* UtilityKit */ = {
			isa = PBXNativeTarget;
			buildConfigurationList = 211513021A17C2C800D0250C /* Build configuration list for PBXNativeTarget "UtilityKit" */;
			buildPhases = (
				211512E41A17C2C800D0250C /* Sources */,
				211512E51A17C2C800D0250C /* Frameworks */,
				211512E61A17C2C800D0250C /* Headers */,
				211512E71A17C2C800D0250C /* Resources */,
			);
			buildRules = (
			);
			dependencies = (
			);
			name = UtilityKit;
			productName = UtilityKit;
			productReference = 211512E91A17C2C800D0250C /* UtilityKit.framework */;
			productType = "com.apple.product-type.framework";
		};
		2115131A1A17C8B300D0250C /* Sleep */ = {
			isa = PBXNativeTarget;
			buildConfigurationList = 211513321A17C8B300D0250C /* Build configuration list for PBXNativeTarget "Sleep" */;
			buildPhases = (
				211513171A17C8B300D0250C /* Sources */,
				211513181A17C8B300D0250C /* Frameworks */,
				211513191A17C8B300D0250C /* Resources */,
				21129D811A17C8F6001CE32B /* Embed Frameworks */,
			);
			buildRules = (
			);
			dependencies = (
				21129D7F1A17C8E8001CE32B /* PBXTargetDependency */,
			);
			name = Sleep;
			productName = Sleep;
			productReference = 2115131B1A17C8B300D0250C /* Sleep.app */;
			productType = "com.apple.product-type.application";
		};
		21AB8F311A17CE050049398E /* Restart */ = {
			isa = PBXNativeTarget;
			buildConfigurationList = 21AB8F4D1A17CE050049398E /* Build configuration list for PBXNativeTarget "Restart" */;
			buildPhases = (
				21AB8F2E1A17CE050049398E /* Sources */,
				21AB8F2F1A17CE050049398E /* Frameworks */,
				21AB8F301A17CE050049398E /* Resources */,
				21AB8F541A17CE260049398E /* Embed Frameworks */,
			);
			buildRules = (
			);
			dependencies = (
				21AB8F521A17CE1C0049398E /* PBXTargetDependency */,
			);
			name = Restart;
			productName = Restart;
			productReference = 21AB8F321A17CE050049398E /* Restart.app */;
			productType = "com.apple.product-type.application";
		};
		21C302681A17D0A4002BABF4 /* Screen Saver */ = {
			isa = PBXNativeTarget;
			buildConfigurationList = 21C302841A17D0A4002BABF4 /* Build configuration list for PBXNativeTarget "Screen Saver" */;
			buildPhases = (
				21C302651A17D0A4002BABF4 /* Sources */,
				21C302661A17D0A4002BABF4 /* Frameworks */,
				21C302671A17D0A4002BABF4 /* Resources */,
			);
			buildRules = (
			);
			dependencies = (
			);
			name = "Screen Saver";
			productName = "Screen Saver";
			productReference = 21C302691A17D0A4002BABF4 /* Screen Saver.app */;
			productType = "com.apple.product-type.application";
		};
		21C3028B1A17D781002BABF4 /* Lock */ = {
			isa = PBXNativeTarget;
			buildConfigurationList = 21C302A71A17D782002BABF4 /* Build configuration list for PBXNativeTarget "Lock" */;
			buildPhases = (
				21C302881A17D781002BABF4 /* Sources */,
				21C302891A17D781002BABF4 /* Frameworks */,
				21C3028A1A17D781002BABF4 /* Resources */,
			);
			buildRules = (
			);
			dependencies = (
			);
			name = Lock;
			productName = Lock;
			productReference = 21C3028C1A17D781002BABF4 /* Lock.app */;
			productType = "com.apple.product-type.application";
		};
		21C308281A17CD3700BD50D9 /* Log Out */ = {
			isa = PBXNativeTarget;
			buildConfigurationList = 21C308441A17CD3700BD50D9 /* Build configuration list for PBXNativeTarget "Log Out" */;
			buildPhases = (
				21C308251A17CD3700BD50D9 /* Sources */,
				21C308261A17CD3700BD50D9 /* Frameworks */,
				21C308271A17CD3700BD50D9 /* Resources */,
				21C308491A17CD8300BD50D9 /* Embed Frameworks */,
			);
			buildRules = (
			);
			dependencies = (
				21C308471A17CD7300BD50D9 /* PBXTargetDependency */,
			);
			name = "Log Out";
			productName = "Log Out";
			productReference = 21C308291A17CD3700BD50D9 /* Log Out.app */;
			productType = "com.apple.product-type.application";
		};
/* End PBXNativeTarget section */

/* Begin PBXProject section */
		2115129B1A17C29200D0250C /* Project object */ = {
			isa = PBXProject;
			attributes = {
				LastSwiftUpdateCheck = 0730;
				LastUpgradeCheck = 0900;
				ORGANIZATIONNAME = "Nothing Magical Inc.";
				TargetAttributes = {
					210BD5221A17DA0400B2E09D = {
						CreatedOnToolsVersion = 6.1.1;
						DevelopmentTeam = UP9C8XM22A;
						LastSwiftMigration = 0900;
						ProvisioningStyle = Manual;
					};
					21129D861A17CA6D001CE32B = {
						CreatedOnToolsVersion = 6.1.1;
						DevelopmentTeam = UP9C8XM22A;
						LastSwiftMigration = 0900;
						ProvisioningStyle = Manual;
					};
					21129DA41A17CB5D001CE32B = {
						CreatedOnToolsVersion = 6.1.1;
					};
					211512E81A17C2C800D0250C = {
						CreatedOnToolsVersion = 6.1.1;
						LastSwiftMigration = 0900;
					};
					2115131A1A17C8B300D0250C = {
						CreatedOnToolsVersion = 6.1.1;
						DevelopmentTeam = UP9C8XM22A;
						LastSwiftMigration = 0900;
						ProvisioningStyle = Manual;
					};
					21AB8F311A17CE050049398E = {
						CreatedOnToolsVersion = 6.1.1;
						DevelopmentTeam = UP9C8XM22A;
						LastSwiftMigration = 0900;
						ProvisioningStyle = Manual;
					};
					21C302681A17D0A4002BABF4 = {
						CreatedOnToolsVersion = 6.1.1;
						DevelopmentTeam = UP9C8XM22A;
						LastSwiftMigration = 0900;
						ProvisioningStyle = Manual;
					};
					21C3028B1A17D781002BABF4 = {
						CreatedOnToolsVersion = 6.1.1;
						DevelopmentTeam = UP9C8XM22A;
						LastSwiftMigration = 0900;
						ProvisioningStyle = Manual;
					};
					21C308281A17CD3700BD50D9 = {
						CreatedOnToolsVersion = 6.1.1;
						DevelopmentTeam = UP9C8XM22A;
						LastSwiftMigration = 0900;
						ProvisioningStyle = Manual;
					};
				};
			};
			buildConfigurationList = 2115129E1A17C29200D0250C /* Build configuration list for PBXProject "Utilities" */;
			compatibilityVersion = "Xcode 3.2";
			developmentRegion = English;
			hasScannedForEncodings = 0;
			knownRegions = (
				English,
				en,
				Base,
			);
			mainGroup = 2115129A1A17C29200D0250C;
			productRefGroup = 211512A41A17C29200D0250C /* Products */;
			projectDirPath = "";
			projectRoot = "";
			targets = (
				211512E81A17C2C800D0250C /* UtilityKit */,
				21129DA41A17CB5D001CE32B /* Applications */,
				2115131A1A17C8B300D0250C /* Sleep */,
				21129D861A17CA6D001CE32B /* Shut Down */,
				21C308281A17CD3700BD50D9 /* Log Out */,
				21AB8F311A17CE050049398E /* Restart */,
				21C302681A17D0A4002BABF4 /* Screen Saver */,
				21C3028B1A17D781002BABF4 /* Lock */,
				210BD5221A17DA0400B2E09D /* Empty Trash */,
			);
		};
/* End PBXProject section */

/* Begin PBXResourcesBuildPhase section */
		210BD5211A17DA0400B2E09D /* Resources */ = {
			isa = PBXResourcesBuildPhase;
			buildActionMask = 2147483647;
			files = (
				210BD52A1A17DA0400B2E09D /* Images.xcassets in Resources */,
				2168B2421F9889C30098D1DA /* MainMenu.xib in Resources */,
			);
			runOnlyForDeploymentPostprocessing = 0;
		};
		21129D851A17CA6D001CE32B /* Resources */ = {
			isa = PBXResourcesBuildPhase;
			buildActionMask = 2147483647;
			files = (
				21129D8E1A17CA6D001CE32B /* Images.xcassets in Resources */,
				2168B23F1F9889C10098D1DA /* MainMenu.xib in Resources */,
			);
			runOnlyForDeploymentPostprocessing = 0;
		};
		211512E71A17C2C800D0250C /* Resources */ = {
			isa = PBXResourcesBuildPhase;
			buildActionMask = 2147483647;
			files = (
			);
			runOnlyForDeploymentPostprocessing = 0;
		};
		211513191A17C8B300D0250C /* Resources */ = {
			isa = PBXResourcesBuildPhase;
			buildActionMask = 2147483647;
			files = (
				211513221A17C8B300D0250C /* Images.xcassets in Resources */,
				2168B23E1F9889C10098D1DA /* MainMenu.xib in Resources */,
			);
			runOnlyForDeploymentPostprocessing = 0;
		};
		21AB8F301A17CE050049398E /* Resources */ = {
			isa = PBXResourcesBuildPhase;
			buildActionMask = 2147483647;
			files = (
				21AB8F391A17CE050049398E /* Images.xcassets in Resources */,
				2168B2411F9889C20098D1DA /* MainMenu.xib in Resources */,
			);
			runOnlyForDeploymentPostprocessing = 0;
		};
		21C302671A17D0A4002BABF4 /* Resources */ = {
			isa = PBXResourcesBuildPhase;
			buildActionMask = 2147483647;
			files = (
				21C302701A17D0A4002BABF4 /* Images.xcassets in Resources */,
				2168B2441F9889C40098D1DA /* MainMenu.xib in Resources */,
			);
			runOnlyForDeploymentPostprocessing = 0;
		};
		21C3028A1A17D781002BABF4 /* Resources */ = {
			isa = PBXResourcesBuildPhase;
			buildActionMask = 2147483647;
			files = (
				21C302931A17D781002BABF4 /* Images.xcassets in Resources */,
				2168B2431F9889C40098D1DA /* MainMenu.xib in Resources */,
			);
			runOnlyForDeploymentPostprocessing = 0;
		};
		21C308271A17CD3700BD50D9 /* Resources */ = {
			isa = PBXResourcesBuildPhase;
			buildActionMask = 2147483647;
			files = (
				21C308301A17CD3700BD50D9 /* Images.xcassets in Resources */,
				2168B2401F9889C20098D1DA /* MainMenu.xib in Resources */,
			);
			runOnlyForDeploymentPostprocessing = 0;
		};
/* End PBXResourcesBuildPhase section */

/* Begin PBXSourcesBuildPhase section */
		210BD51F1A17DA0400B2E09D /* Sources */ = {
			isa = PBXSourcesBuildPhase;
			buildActionMask = 2147483647;
			files = (
				210BD5281A17DA0400B2E09D /* AppDelegate.swift in Sources */,
			);
			runOnlyForDeploymentPostprocessing = 0;
		};
		21129D831A17CA6D001CE32B /* Sources */ = {
			isa = PBXSourcesBuildPhase;
			buildActionMask = 2147483647;
			files = (
				21129D8C1A17CA6D001CE32B /* AppDelegate.swift in Sources */,
			);
			runOnlyForDeploymentPostprocessing = 0;
		};
		211512E41A17C2C800D0250C /* Sources */ = {
			isa = PBXSourcesBuildPhase;
			buildActionMask = 2147483647;
			files = (
				2115130E1A17C2FF00D0250C /* UtilityKit.swift in Sources */,
				211513111A17C60F00D0250C /* SendAppleEventToSystemProcess.c in Sources */,
			);
			runOnlyForDeploymentPostprocessing = 0;
		};
		211513171A17C8B300D0250C /* Sources */ = {
			isa = PBXSourcesBuildPhase;
			buildActionMask = 2147483647;
			files = (
				211513201A17C8B300D0250C /* AppDelegate.swift in Sources */,
			);
			runOnlyForDeploymentPostprocessing = 0;
		};
		21AB8F2E1A17CE050049398E /* Sources */ = {
			isa = PBXSourcesBuildPhase;
			buildActionMask = 2147483647;
			files = (
				21AB8F371A17CE050049398E /* AppDelegate.swift in Sources */,
			);
			runOnlyForDeploymentPostprocessing = 0;
		};
		21C302651A17D0A4002BABF4 /* Sources */ = {
			isa = PBXSourcesBuildPhase;
			buildActionMask = 2147483647;
			files = (
				21C3026E1A17D0A4002BABF4 /* AppDelegate.swift in Sources */,
			);
			runOnlyForDeploymentPostprocessing = 0;
		};
		21C302881A17D781002BABF4 /* Sources */ = {
			isa = PBXSourcesBuildPhase;
			buildActionMask = 2147483647;
			files = (
				21C302911A17D781002BABF4 /* AppDelegate.swift in Sources */,
			);
			runOnlyForDeploymentPostprocessing = 0;
		};
		21C308251A17CD3700BD50D9 /* Sources */ = {
			isa = PBXSourcesBuildPhase;
			buildActionMask = 2147483647;
			files = (
				21C3082E1A17CD3700BD50D9 /* AppDelegate.swift in Sources */,
			);
			runOnlyForDeploymentPostprocessing = 0;
		};
/* End PBXSourcesBuildPhase section */

/* Begin PBXTargetDependency section */
		210BD5411A17DA1000B2E09D /* PBXTargetDependency */ = {
			isa = PBXTargetDependency;
			target = 210BD5221A17DA0400B2E09D /* Empty Trash */;
			targetProxy = 210BD5401A17DA1000B2E09D /* PBXContainerItemProxy */;
		};
		21129D7F1A17C8E8001CE32B /* PBXTargetDependency */ = {
			isa = PBXTargetDependency;
			target = 211512E81A17C2C800D0250C /* UtilityKit */;
			targetProxy = 21129D7E1A17C8E8001CE32B /* PBXContainerItemProxy */;
		};
		21129DA91A17CB66001CE32B /* PBXTargetDependency */ = {
			isa = PBXTargetDependency;
			target = 2115131A1A17C8B300D0250C /* Sleep */;
			targetProxy = 21129DA81A17CB66001CE32B /* PBXContainerItemProxy */;
		};
		21129DAB1A17CB66001CE32B /* PBXTargetDependency */ = {
			isa = PBXTargetDependency;
			target = 21129D861A17CA6D001CE32B /* Shut Down */;
			targetProxy = 21129DAA1A17CB66001CE32B /* PBXContainerItemProxy */;
		};
		21129DAD1A17CB7A001CE32B /* PBXTargetDependency */ = {
			isa = PBXTargetDependency;
			target = 211512E81A17C2C800D0250C /* UtilityKit */;
			targetProxy = 21129DAC1A17CB7A001CE32B /* PBXContainerItemProxy */;
		};
		21AB8F501A17CE160049398E /* PBXTargetDependency */ = {
			isa = PBXTargetDependency;
			target = 21AB8F311A17CE050049398E /* Restart */;
			targetProxy = 21AB8F4F1A17CE160049398E /* PBXContainerItemProxy */;
		};
		21AB8F521A17CE1C0049398E /* PBXTargetDependency */ = {
			isa = PBXTargetDependency;
			target = 211512E81A17C2C800D0250C /* UtilityKit */;
			targetProxy = 21AB8F511A17CE1C0049398E /* PBXContainerItemProxy */;
		};
		21C302871A17D0B7002BABF4 /* PBXTargetDependency */ = {
			isa = PBXTargetDependency;
			target = 21C302681A17D0A4002BABF4 /* Screen Saver */;
			targetProxy = 21C302861A17D0B7002BABF4 /* PBXContainerItemProxy */;
		};
		21C302AA1A17D78B002BABF4 /* PBXTargetDependency */ = {
			isa = PBXTargetDependency;
			target = 21C3028B1A17D781002BABF4 /* Lock */;
			targetProxy = 21C302A91A17D78B002BABF4 /* PBXContainerItemProxy */;
		};
		21C308471A17CD7300BD50D9 /* PBXTargetDependency */ = {
			isa = PBXTargetDependency;
			target = 211512E81A17C2C800D0250C /* UtilityKit */;
			targetProxy = 21C308461A17CD7300BD50D9 /* PBXContainerItemProxy */;
		};
		21C3084C1A17CDAA00BD50D9 /* PBXTargetDependency */ = {
			isa = PBXTargetDependency;
			target = 21C308281A17CD3700BD50D9 /* Log Out */;
			targetProxy = 21C3084B1A17CDAA00BD50D9 /* PBXContainerItemProxy */;
		};
/* End PBXTargetDependency section */

/* Begin PBXVariantGroup section */
		2168B23B1F9889BB0098D1DA /* MainMenu.xib */ = {
			isa = PBXVariantGroup;
			children = (
				2168B23C1F9889BB0098D1DA /* Base */,
			);
			name = MainMenu.xib;
			sourceTree = "<group>";
		};
/* End PBXVariantGroup section */

/* Begin XCBuildConfiguration section */
		210BD53A1A17DA0400B2E09D /* Debug */ = {
			isa = XCBuildConfiguration;
			buildSettings = {
				ASSETCATALOG_COMPILER_APPICON_NAME = AppIcon;
				CODE_SIGN_IDENTITY = "Mac Developer";
				COMBINE_HIDPI_IMAGES = YES;
				DEVELOPMENT_TEAM = UP9C8XM22A;
				GCC_PREPROCESSOR_DEFINITIONS = (
					"DEBUG=1",
					"$(inherited)",
				);
				INFOPLIST_FILE = "$(SRCROOT)/Support/Info.plist";
				LD_RUNPATH_SEARCH_PATHS = "$(inherited) @executable_path/../Frameworks";
				PRODUCT_BUNDLE_IDENTIFIER = "com.nothingmagical.utilities.empty-trash";
				PRODUCT_NAME = "$(TARGET_NAME)";
			};
			name = Debug;
		};
		210BD53B1A17DA0400B2E09D /* Release */ = {
			isa = XCBuildConfiguration;
			buildSettings = {
				ASSETCATALOG_COMPILER_APPICON_NAME = AppIcon;
				CODE_SIGN_IDENTITY = "Developer ID Application";
				COMBINE_HIDPI_IMAGES = YES;
				DEVELOPMENT_TEAM = UP9C8XM22A;
				INFOPLIST_FILE = "$(SRCROOT)/Support/Info.plist";
				LD_RUNPATH_SEARCH_PATHS = "$(inherited) @executable_path/../Frameworks";
				PRODUCT_BUNDLE_IDENTIFIER = "com.nothingmagical.utilities.empty-trash";
				PRODUCT_NAME = "$(TARGET_NAME)";
			};
			name = Release;
		};
		21129D9F1A17CA6E001CE32B /* Debug */ = {
			isa = XCBuildConfiguration;
			buildSettings = {
				ASSETCATALOG_COMPILER_APPICON_NAME = AppIcon;
				CODE_SIGN_IDENTITY = "Mac Developer";
				COMBINE_HIDPI_IMAGES = YES;
				DEVELOPMENT_TEAM = UP9C8XM22A;
				GCC_PREPROCESSOR_DEFINITIONS = (
					"DEBUG=1",
					"$(inherited)",
				);
				INFOPLIST_FILE = "$(SRCROOT)/Support/Info.plist";
				LD_RUNPATH_SEARCH_PATHS = "$(inherited) @executable_path/../Frameworks";
				PRODUCT_BUNDLE_IDENTIFIER = "com.nothingmagical.utilities.shut-down";
				PRODUCT_NAME = "$(TARGET_NAME)";
			};
			name = Debug;
		};
		21129DA01A17CA6E001CE32B /* Release */ = {
			isa = XCBuildConfiguration;
			buildSettings = {
				ASSETCATALOG_COMPILER_APPICON_NAME = AppIcon;
				CODE_SIGN_IDENTITY = "Developer ID Application";
				COMBINE_HIDPI_IMAGES = YES;
				DEVELOPMENT_TEAM = UP9C8XM22A;
				INFOPLIST_FILE = "$(SRCROOT)/Support/Info.plist";
				LD_RUNPATH_SEARCH_PATHS = "$(inherited) @executable_path/../Frameworks";
				PRODUCT_BUNDLE_IDENTIFIER = "com.nothingmagical.utilities.shut-down";
				PRODUCT_NAME = "$(TARGET_NAME)";
			};
			name = Release;
		};
		21129DA61A17CB5D001CE32B /* Debug */ = {
			isa = XCBuildConfiguration;
			buildSettings = {
				PRODUCT_NAME = "$(TARGET_NAME)";
			};
			name = Debug;
		};
		21129DA71A17CB5D001CE32B /* Release */ = {
			isa = XCBuildConfiguration;
			buildSettings = {
				PRODUCT_NAME = "$(TARGET_NAME)";
			};
			name = Release;
		};
		211512BB1A17C29300D0250C /* Debug */ = {
			isa = XCBuildConfiguration;
			buildSettings = {
				ALWAYS_SEARCH_USER_PATHS = NO;
				CLANG_CXX_LANGUAGE_STANDARD = "gnu++0x";
				CLANG_CXX_LIBRARY = "libc++";
				CLANG_ENABLE_MODULES = YES;
				CLANG_ENABLE_OBJC_ARC = YES;
				CLANG_WARN_BLOCK_CAPTURE_AUTORELEASING = YES;
				CLANG_WARN_BOOL_CONVERSION = YES;
				CLANG_WARN_COMMA = YES;
				CLANG_WARN_CONSTANT_CONVERSION = YES;
				CLANG_WARN_DIRECT_OBJC_ISA_USAGE = YES_ERROR;
				CLANG_WARN_EMPTY_BODY = YES;
				CLANG_WARN_ENUM_CONVERSION = YES;
				CLANG_WARN_INFINITE_RECURSION = YES;
				CLANG_WARN_INT_CONVERSION = YES;
				CLANG_WARN_NON_LITERAL_NULL_CONVERSION = YES;
				CLANG_WARN_OBJC_LITERAL_CONVERSION = YES;
				CLANG_WARN_OBJC_ROOT_CLASS = YES_ERROR;
				CLANG_WARN_RANGE_LOOP_ANALYSIS = YES;
				CLANG_WARN_STRICT_PROTOTYPES = YES;
				CLANG_WARN_SUSPICIOUS_MOVE = YES;
				CLANG_WARN_UNREACHABLE_CODE = YES;
				CLANG_WARN__DUPLICATE_METHOD_MATCH = YES;
				CODE_SIGN_IDENTITY = "-";
				COPY_PHASE_STRIP = NO;
				ENABLE_STRICT_OBJC_MSGSEND = YES;
				ENABLE_TESTABILITY = YES;
				GCC_C_LANGUAGE_STANDARD = gnu99;
				GCC_DYNAMIC_NO_PIC = NO;
				GCC_NO_COMMON_BLOCKS = YES;
				GCC_OPTIMIZATION_LEVEL = 0;
				GCC_PREPROCESSOR_DEFINITIONS = (
					"DEBUG=1",
					"$(inherited)",
				);
				GCC_SYMBOLS_PRIVATE_EXTERN = NO;
				GCC_WARN_64_TO_32_BIT_CONVERSION = YES;
				GCC_WARN_ABOUT_RETURN_TYPE = YES_ERROR;
				GCC_WARN_UNDECLARED_SELECTOR = YES;
				GCC_WARN_UNINITIALIZED_AUTOS = YES_AGGRESSIVE;
				GCC_WARN_UNUSED_FUNCTION = YES;
				GCC_WARN_UNUSED_VARIABLE = YES;
				MACOSX_DEPLOYMENT_TARGET = 10.10;
				MTL_ENABLE_DEBUG_INFO = YES;
				ONLY_ACTIVE_ARCH = YES;
				SDKROOT = macosx;
				SWIFT_OPTIMIZATION_LEVEL = "-Onone";
				SWIFT_SWIFT3_OBJC_INFERENCE = Off;
				SWIFT_VERSION = 5.0;
			};
			name = Debug;
		};
		211512BC1A17C29300D0250C /* Release */ = {
			isa = XCBuildConfiguration;
			buildSettings = {
				ALWAYS_SEARCH_USER_PATHS = NO;
				CLANG_CXX_LANGUAGE_STANDARD = "gnu++0x";
				CLANG_CXX_LIBRARY = "libc++";
				CLANG_ENABLE_MODULES = YES;
				CLANG_ENABLE_OBJC_ARC = YES;
				CLANG_WARN_BLOCK_CAPTURE_AUTORELEASING = YES;
				CLANG_WARN_BOOL_CONVERSION = YES;
				CLANG_WARN_COMMA = YES;
				CLANG_WARN_CONSTANT_CONVERSION = YES;
				CLANG_WARN_DIRECT_OBJC_ISA_USAGE = YES_ERROR;
				CLANG_WARN_EMPTY_BODY = YES;
				CLANG_WARN_ENUM_CONVERSION = YES;
				CLANG_WARN_INFINITE_RECURSION = YES;
				CLANG_WARN_INT_CONVERSION = YES;
				CLANG_WARN_NON_LITERAL_NULL_CONVERSION = YES;
				CLANG_WARN_OBJC_LITERAL_CONVERSION = YES;
				CLANG_WARN_OBJC_ROOT_CLASS = YES_ERROR;
				CLANG_WARN_RANGE_LOOP_ANALYSIS = YES;
				CLANG_WARN_STRICT_PROTOTYPES = YES;
				CLANG_WARN_SUSPICIOUS_MOVE = YES;
				CLANG_WARN_UNREACHABLE_CODE = YES;
				CLANG_WARN__DUPLICATE_METHOD_MATCH = YES;
				CODE_SIGN_IDENTITY = "-";
				COPY_PHASE_STRIP = YES;
				DEBUG_INFORMATION_FORMAT = "dwarf-with-dsym";
				ENABLE_NS_ASSERTIONS = NO;
				ENABLE_STRICT_OBJC_MSGSEND = YES;
				GCC_C_LANGUAGE_STANDARD = gnu99;
				GCC_NO_COMMON_BLOCKS = YES;
				GCC_WARN_64_TO_32_BIT_CONVERSION = YES;
				GCC_WARN_ABOUT_RETURN_TYPE = YES_ERROR;
				GCC_WARN_UNDECLARED_SELECTOR = YES;
				GCC_WARN_UNINITIALIZED_AUTOS = YES_AGGRESSIVE;
				GCC_WARN_UNUSED_FUNCTION = YES;
				GCC_WARN_UNUSED_VARIABLE = YES;
				MACOSX_DEPLOYMENT_TARGET = 10.10;
				MTL_ENABLE_DEBUG_INFO = NO;
				SDKROOT = macosx;
				SWIFT_OPTIMIZATION_LEVEL = "-Owholemodule";
				SWIFT_SWIFT3_OBJC_INFERENCE = Off;
				SWIFT_VERSION = 5.0;
			};
			name = Release;
		};
		211513031A17C2C800D0250C /* Debug */ = {
			isa = XCBuildConfiguration;
			buildSettings = {
				CLANG_ENABLE_MODULES = YES;
				CODE_SIGN_IDENTITY = "";
				COMBINE_HIDPI_IMAGES = YES;
				CURRENT_PROJECT_VERSION = 1;
				DEFINES_MODULE = YES;
				DEVELOPMENT_TEAM = "";
				DYLIB_COMPATIBILITY_VERSION = 1;
				DYLIB_CURRENT_VERSION = 1;
				DYLIB_INSTALL_NAME_BASE = "@rpath";
				FRAMEWORK_VERSION = A;
				GCC_PREPROCESSOR_DEFINITIONS = (
					"DEBUG=1",
					"$(inherited)",
				);
				INFOPLIST_FILE = UtilityKit/Info.plist;
				INSTALL_PATH = "$(LOCAL_LIBRARY_DIR)/Frameworks";
				LD_RUNPATH_SEARCH_PATHS = "$(inherited) @executable_path/../Frameworks @loader_path/Frameworks";
				PRODUCT_BUNDLE_IDENTIFIER = "com.nothingmagical.$(PRODUCT_NAME:rfc1034identifier)";
				PRODUCT_NAME = "$(TARGET_NAME)";
				SKIP_INSTALL = YES;
				VERSIONING_SYSTEM = "apple-generic";
				VERSION_INFO_PREFIX = "";
			};
			name = Debug;
		};
		211513041A17C2C800D0250C /* Release */ = {
			isa = XCBuildConfiguration;
			buildSettings = {
				CLANG_ENABLE_MODULES = YES;
				CODE_SIGN_IDENTITY = "";
				COMBINE_HIDPI_IMAGES = YES;
				CURRENT_PROJECT_VERSION = 1;
				DEFINES_MODULE = YES;
				DEVELOPMENT_TEAM = "";
				DYLIB_COMPATIBILITY_VERSION = 1;
				DYLIB_CURRENT_VERSION = 1;
				DYLIB_INSTALL_NAME_BASE = "@rpath";
				FRAMEWORK_VERSION = A;
				INFOPLIST_FILE = UtilityKit/Info.plist;
				INSTALL_PATH = "$(LOCAL_LIBRARY_DIR)/Frameworks";
				LD_RUNPATH_SEARCH_PATHS = "$(inherited) @executable_path/../Frameworks @loader_path/Frameworks";
				PRODUCT_BUNDLE_IDENTIFIER = "com.nothingmagical.$(PRODUCT_NAME:rfc1034identifier)";
				PRODUCT_NAME = "$(TARGET_NAME)";
				SKIP_INSTALL = YES;
				VERSIONING_SYSTEM = "apple-generic";
				VERSION_INFO_PREFIX = "";
			};
			name = Release;
		};
		211513331A17C8B300D0250C /* Debug */ = {
			isa = XCBuildConfiguration;
			buildSettings = {
				ASSETCATALOG_COMPILER_APPICON_NAME = AppIcon;
				CODE_SIGN_IDENTITY = "Mac Developer";
				COMBINE_HIDPI_IMAGES = YES;
				DEVELOPMENT_TEAM = UP9C8XM22A;
				GCC_PREPROCESSOR_DEFINITIONS = (
					"DEBUG=1",
					"$(inherited)",
				);
				INFOPLIST_FILE = "$(SRCROOT)/Support/Info.plist";
				LD_RUNPATH_SEARCH_PATHS = "$(inherited) @executable_path/../Frameworks";
				PRODUCT_BUNDLE_IDENTIFIER = com.nothingmagical.utilities.sleep;
				PRODUCT_NAME = "$(TARGET_NAME)";
			};
			name = Debug;
		};
		211513341A17C8B300D0250C /* Release */ = {
			isa = XCBuildConfiguration;
			buildSettings = {
				ASSETCATALOG_COMPILER_APPICON_NAME = AppIcon;
				CODE_SIGN_IDENTITY = "Developer ID Application";
				COMBINE_HIDPI_IMAGES = YES;
				DEVELOPMENT_TEAM = UP9C8XM22A;
				INFOPLIST_FILE = "$(SRCROOT)/Support/Info.plist";
				LD_RUNPATH_SEARCH_PATHS = "$(inherited) @executable_path/../Frameworks";
				PRODUCT_BUNDLE_IDENTIFIER = com.nothingmagical.utilities.sleep;
				PRODUCT_NAME = "$(TARGET_NAME)";
			};
			name = Release;
		};
		21AB8F491A17CE050049398E /* Debug */ = {
			isa = XCBuildConfiguration;
			buildSettings = {
				ASSETCATALOG_COMPILER_APPICON_NAME = AppIcon;
				CODE_SIGN_IDENTITY = "Mac Developer";
				COMBINE_HIDPI_IMAGES = YES;
				DEVELOPMENT_TEAM = UP9C8XM22A;
				GCC_PREPROCESSOR_DEFINITIONS = (
					"DEBUG=1",
					"$(inherited)",
				);
				INFOPLIST_FILE = "$(SRCROOT)/Support/Info.plist";
				LD_RUNPATH_SEARCH_PATHS = "$(inherited) @executable_path/../Frameworks";
				PRODUCT_BUNDLE_IDENTIFIER = com.nothingmagical.utilities.restart;
				PRODUCT_NAME = "$(TARGET_NAME)";
			};
			name = Debug;
		};
		21AB8F4A1A17CE050049398E /* Release */ = {
			isa = XCBuildConfiguration;
			buildSettings = {
				ASSETCATALOG_COMPILER_APPICON_NAME = AppIcon;
				CODE_SIGN_IDENTITY = "Developer ID Application";
				COMBINE_HIDPI_IMAGES = YES;
				DEVELOPMENT_TEAM = UP9C8XM22A;
				INFOPLIST_FILE = "$(SRCROOT)/Support/Info.plist";
				LD_RUNPATH_SEARCH_PATHS = "$(inherited) @executable_path/../Frameworks";
				PRODUCT_BUNDLE_IDENTIFIER = com.nothingmagical.utilities.restart;
				PRODUCT_NAME = "$(TARGET_NAME)";
			};
			name = Release;
		};
		21C302801A17D0A4002BABF4 /* Debug */ = {
			isa = XCBuildConfiguration;
			buildSettings = {
				ASSETCATALOG_COMPILER_APPICON_NAME = AppIcon;
				CODE_SIGN_IDENTITY = "Mac Developer";
				COMBINE_HIDPI_IMAGES = YES;
				DEVELOPMENT_TEAM = UP9C8XM22A;
				GCC_PREPROCESSOR_DEFINITIONS = (
					"DEBUG=1",
					"$(inherited)",
				);
				INFOPLIST_FILE = "$(SRCROOT)/Support/Info.plist";
				LD_RUNPATH_SEARCH_PATHS = "$(inherited) @executable_path/../Frameworks";
				PRODUCT_BUNDLE_IDENTIFIER = "com.nothingmagical.utilities.screen-saver";
				PRODUCT_NAME = "$(TARGET_NAME)";
			};
			name = Debug;
		};
		21C302811A17D0A4002BABF4 /* Release */ = {
			isa = XCBuildConfiguration;
			buildSettings = {
				ASSETCATALOG_COMPILER_APPICON_NAME = AppIcon;
				CODE_SIGN_IDENTITY = "Developer ID Application";
				COMBINE_HIDPI_IMAGES = YES;
				DEVELOPMENT_TEAM = UP9C8XM22A;
				INFOPLIST_FILE = "$(SRCROOT)/Support/Info.plist";
				LD_RUNPATH_SEARCH_PATHS = "$(inherited) @executable_path/../Frameworks";
				PRODUCT_BUNDLE_IDENTIFIER = "com.nothingmagical.utilities.screen-saver";
				PRODUCT_NAME = "$(TARGET_NAME)";
			};
			name = Release;
		};
		21C302A31A17D782002BABF4 /* Debug */ = {
			isa = XCBuildConfiguration;
			buildSettings = {
				ASSETCATALOG_COMPILER_APPICON_NAME = AppIcon;
				CODE_SIGN_IDENTITY = "Mac Developer";
				COMBINE_HIDPI_IMAGES = YES;
				DEVELOPMENT_TEAM = UP9C8XM22A;
				GCC_PREPROCESSOR_DEFINITIONS = (
					"DEBUG=1",
					"$(inherited)",
				);
				INFOPLIST_FILE = "$(SRCROOT)/Support/Info.plist";
				LD_RUNPATH_SEARCH_PATHS = "$(inherited) @executable_path/../Frameworks";
				PRODUCT_BUNDLE_IDENTIFIER = com.nothingmagical.utilities.lock;
				PRODUCT_NAME = "$(TARGET_NAME)";
			};
			name = Debug;
		};
		21C302A41A17D782002BABF4 /* Release */ = {
			isa = XCBuildConfiguration;
			buildSettings = {
				ASSETCATALOG_COMPILER_APPICON_NAME = AppIcon;
				CODE_SIGN_IDENTITY = "Developer ID Application";
				COMBINE_HIDPI_IMAGES = YES;
				DEVELOPMENT_TEAM = UP9C8XM22A;
				INFOPLIST_FILE = "$(SRCROOT)/Support/Info.plist";
				LD_RUNPATH_SEARCH_PATHS = "$(inherited) @executable_path/../Frameworks";
				PRODUCT_BUNDLE_IDENTIFIER = com.nothingmagical.utilities.lock;
				PRODUCT_NAME = "$(TARGET_NAME)";
			};
			name = Release;
		};
		21C308401A17CD3700BD50D9 /* Debug */ = {
			isa = XCBuildConfiguration;
			buildSettings = {
				ASSETCATALOG_COMPILER_APPICON_NAME = AppIcon;
				CODE_SIGN_IDENTITY = "Mac Developer";
				COMBINE_HIDPI_IMAGES = YES;
				DEVELOPMENT_TEAM = UP9C8XM22A;
				GCC_PREPROCESSOR_DEFINITIONS = (
					"DEBUG=1",
					"$(inherited)",
				);
				INFOPLIST_FILE = "$(SRCROOT)/Support/Info.plist";
				LD_RUNPATH_SEARCH_PATHS = "$(inherited) @executable_path/../Frameworks";
				PRODUCT_BUNDLE_IDENTIFIER = "com.nothingmagical.utilities.log-out";
				PRODUCT_NAME = "$(TARGET_NAME)";
			};
			name = Debug;
		};
		21C308411A17CD3700BD50D9 /* Release */ = {
			isa = XCBuildConfiguration;
			buildSettings = {
				ASSETCATALOG_COMPILER_APPICON_NAME = AppIcon;
				CODE_SIGN_IDENTITY = "Developer ID Application";
				COMBINE_HIDPI_IMAGES = YES;
				DEVELOPMENT_TEAM = UP9C8XM22A;
				INFOPLIST_FILE = "$(SRCROOT)/Support/Info.plist";
				LD_RUNPATH_SEARCH_PATHS = "$(inherited) @executable_path/../Frameworks";
				PRODUCT_BUNDLE_IDENTIFIER = "com.nothingmagical.utilities.log-out";
				PRODUCT_NAME = "$(TARGET_NAME)";
			};
			name = Release;
		};
/* End XCBuildConfiguration section */

/* Begin XCConfigurationList section */
		210BD53E1A17DA0400B2E09D /* Build configuration list for PBXNativeTarget "Empty Trash" */ = {
			isa = XCConfigurationList;
			buildConfigurations = (
				210BD53A1A17DA0400B2E09D /* Debug */,
				210BD53B1A17DA0400B2E09D /* Release */,
			);
			defaultConfigurationIsVisible = 0;
			defaultConfigurationName = Release;
		};
		21129D9E1A17CA6E001CE32B /* Build configuration list for PBXNativeTarget "Shut Down" */ = {
			isa = XCConfigurationList;
			buildConfigurations = (
				21129D9F1A17CA6E001CE32B /* Debug */,
				21129DA01A17CA6E001CE32B /* Release */,
			);
			defaultConfigurationIsVisible = 0;
			defaultConfigurationName = Release;
		};
		21129DA51A17CB5D001CE32B /* Build configuration list for PBXAggregateTarget "Applications" */ = {
			isa = XCConfigurationList;
			buildConfigurations = (
				21129DA61A17CB5D001CE32B /* Debug */,
				21129DA71A17CB5D001CE32B /* Release */,
			);
			defaultConfigurationIsVisible = 0;
			defaultConfigurationName = Release;
		};
		2115129E1A17C29200D0250C /* Build configuration list for PBXProject "Utilities" */ = {
			isa = XCConfigurationList;
			buildConfigurations = (
				211512BB1A17C29300D0250C /* Debug */,
				211512BC1A17C29300D0250C /* Release */,
			);
			defaultConfigurationIsVisible = 0;
			defaultConfigurationName = Release;
		};
		211513021A17C2C800D0250C /* Build configuration list for PBXNativeTarget "UtilityKit" */ = {
			isa = XCConfigurationList;
			buildConfigurations = (
				211513031A17C2C800D0250C /* Debug */,
				211513041A17C2C800D0250C /* Release */,
			);
			defaultConfigurationIsVisible = 0;
			defaultConfigurationName = Release;
		};
		211513321A17C8B300D0250C /* Build configuration list for PBXNativeTarget "Sleep" */ = {
			isa = XCConfigurationList;
			buildConfigurations = (
				211513331A17C8B300D0250C /* Debug */,
				211513341A17C8B300D0250C /* Release */,
			);
			defaultConfigurationIsVisible = 0;
			defaultConfigurationName = Release;
		};
		21AB8F4D1A17CE050049398E /* Build configuration list for PBXNativeTarget "Restart" */ = {
			isa = XCConfigurationList;
			buildConfigurations = (
				21AB8F491A17CE050049398E /* Debug */,
				21AB8F4A1A17CE050049398E /* Release */,
			);
			defaultConfigurationIsVisible = 0;
			defaultConfigurationName = Release;
		};
		21C302841A17D0A4002BABF4 /* Build configuration list for PBXNativeTarget "Screen Saver" */ = {
			isa = XCConfigurationList;
			buildConfigurations = (
				21C302801A17D0A4002BABF4 /* Debug */,
				21C302811A17D0A4002BABF4 /* Release */,
			);
			defaultConfigurationIsVisible = 0;
			defaultConfigurationName = Release;
		};
		21C302A71A17D782002BABF4 /* Build configuration list for PBXNativeTarget "Lock" */ = {
			isa = XCConfigurationList;
			buildConfigurations = (
				21C302A31A17D782002BABF4 /* Debug */,
				21C302A41A17D782002BABF4 /* Release */,
			);
			defaultConfigurationIsVisible = 0;
			defaultConfigurationName = Release;
		};
		21C308441A17CD3700BD50D9 /* Build configuration list for PBXNativeTarget "Log Out" */ = {
			isa = XCConfigurationList;
			buildConfigurations = (
				21C308401A17CD3700BD50D9 /* Debug */,
				21C308411A17CD3700BD50D9 /* Release */,
			);
			defaultConfigurationIsVisible = 0;
			defaultConfigurationName = Release;
		};
/* End XCConfigurationList section */
	};
	rootObject = 2115129B1A17C29200D0250C /* Project object */;
}
